// !$*UTF8*$!
{
	archiveVersion = 1;
	classes = {
	};
	objectVersion = 55;
	objects = {

/* Begin PBXBuildFile section */
		9B4D7E8228804D71001EA126 /* TerraRTiOSDemoApp.swift in Sources */ = {isa = PBXBuildFile; fileRef = 9B4D7E8128804D71001EA126 /* TerraRTiOSDemoApp.swift */; };
		9B4D7E8428804D71001EA126 /* ContentView.swift in Sources */ = {isa = PBXBuildFile; fileRef = 9B4D7E8328804D71001EA126 /* ContentView.swift */; };
		9B4D7E8628804D73001EA126 /* Assets.xcassets in Resources */ = {isa = PBXBuildFile; fileRef = 9B4D7E8528804D73001EA126 /* Assets.xcassets */; };
		9B4D7E8928804D73001EA126 /* Preview Assets.xcassets in Resources */ = {isa = PBXBuildFile; fileRef = 9B4D7E8828804D73001EA126 /* Preview Assets.xcassets */; };
		9B4D7E9328804DDC001EA126 /* Config.swift in Sources */ = {isa = PBXBuildFile; fileRef = 9B4D7E9228804DDC001EA126 /* Config.swift */; };
		DD63A6A82A8A70C60087EBF5 /* TerraRTiOSWatchDemoApp.swift in Sources */ = {isa = PBXBuildFile; fileRef = DD63A6A72A8A70C60087EBF5 /* TerraRTiOSWatchDemoApp.swift */; };
		DD63A6AA2A8A70C60087EBF5 /* ContentView.swift in Sources */ = {isa = PBXBuildFile; fileRef = DD63A6A92A8A70C60087EBF5 /* ContentView.swift */; };
		DD63A6AC2A8A70C80087EBF5 /* Assets.xcassets in Resources */ = {isa = PBXBuildFile; fileRef = DD63A6AB2A8A70C80087EBF5 /* Assets.xcassets */; };
		DD63A6AF2A8A70C80087EBF5 /* Preview Assets.xcassets in Resources */ = {isa = PBXBuildFile; fileRef = DD63A6AE2A8A70C80087EBF5 /* Preview Assets.xcassets */; };
		DD63A6B22A8A70C80087EBF5 /* TerraRTiOSWatchDemo Watch App.app in Embed Watch Content */ = {isa = PBXBuildFile; fileRef = DD63A6A52A8A70C60087EBF5 /* TerraRTiOSWatchDemo Watch App.app */; settings = {ATTRIBUTES = (RemoveHeadersOnCopy, ); }; };
		DDAA6AA62A98F6BE00BFFD37 /* TerraRTiOS in Frameworks */ = {isa = PBXBuildFile; productRef = DDAA6AA52A98F6BE00BFFD37 /* TerraRTiOS */; };
		DDAA6AA82A98F6CC00BFFD37 /* TerraRTiOS in Frameworks */ = {isa = PBXBuildFile; productRef = DDAA6AA72A98F6CC00BFFD37 /* TerraRTiOS */; };
/* End PBXBuildFile section */

/* Begin PBXContainerItemProxy section */
		DD63A6B02A8A70C80087EBF5 /* PBXContainerItemProxy */ = {
			isa = PBXContainerItemProxy;
			containerPortal = 9B4D7E7628804D71001EA126 /* Project object */;
			proxyType = 1;
			remoteGlobalIDString = DD63A6A42A8A70C60087EBF5;
			remoteInfo = "TerraRTiOSWatchDemo Watch App";
		};
/* End PBXContainerItemProxy section */

/* Begin PBXCopyFilesBuildPhase section */
		DD63A6B32A8A70C80087EBF5 /* Embed Watch Content */ = {
			isa = PBXCopyFilesBuildPhase;
			buildActionMask = 2147483647;
			dstPath = "$(CONTENTS_FOLDER_PATH)/Watch";
			dstSubfolderSpec = 16;
			files = (
				DD63A6B22A8A70C80087EBF5 /* TerraRTiOSWatchDemo Watch App.app in Embed Watch Content */,
			);
			name = "Embed Watch Content";
			runOnlyForDeploymentPostprocessing = 0;
		};
/* End PBXCopyFilesBuildPhase section */

/* Begin PBXFileReference section */
		9B4D7E7E28804D71001EA126 /* TerraRTiOSDemo.app */ = {isa = PBXFileReference; explicitFileType = wrapper.application; includeInIndex = 0; path = TerraRTiOSDemo.app; sourceTree = BUILT_PRODUCTS_DIR; };
		9B4D7E8128804D71001EA126 /* TerraRTiOSDemoApp.swift */ = {isa = PBXFileReference; lastKnownFileType = sourcecode.swift; path = TerraRTiOSDemoApp.swift; sourceTree = "<group>"; };
		9B4D7E8328804D71001EA126 /* ContentView.swift */ = {isa = PBXFileReference; lastKnownFileType = sourcecode.swift; path = ContentView.swift; sourceTree = "<group>"; };
		9B4D7E8528804D73001EA126 /* Assets.xcassets */ = {isa = PBXFileReference; lastKnownFileType = folder.assetcatalog; path = Assets.xcassets; sourceTree = "<group>"; };
		9B4D7E8828804D73001EA126 /* Preview Assets.xcassets */ = {isa = PBXFileReference; lastKnownFileType = folder.assetcatalog; path = "Preview Assets.xcassets"; sourceTree = "<group>"; };
		9B4D7E9228804DDC001EA126 /* Config.swift */ = {isa = PBXFileReference; lastKnownFileType = sourcecode.swift; path = Config.swift; sourceTree = "<group>"; };
		DD1E747C2A8E7826001DD6F7 /* Info.plist */ = {isa = PBXFileReference; lastKnownFileType = text.plist; path = Info.plist; sourceTree = "<group>"; };
		DD1E747D2A8E7834001DD6F7 /* TerraRTiOSDemo.entitlements */ = {isa = PBXFileReference; lastKnownFileType = text.plist.entitlements; path = TerraRTiOSDemo.entitlements; sourceTree = "<group>"; };
		DD33EB162A4A6C82003B8743 /* TerraRTiOS-dev */ = {isa = PBXFileReference; lastKnownFileType = wrapper; name = "TerraRTiOS-dev"; path = "../TerraRTiOS-dev"; sourceTree = "<group>"; };
		DD63A6A52A8A70C60087EBF5 /* TerraRTiOSWatchDemo Watch App.app */ = {isa = PBXFileReference; explicitFileType = wrapper.application; includeInIndex = 0; path = "TerraRTiOSWatchDemo Watch App.app"; sourceTree = BUILT_PRODUCTS_DIR; };
		DD63A6A72A8A70C60087EBF5 /* TerraRTiOSWatchDemoApp.swift */ = {isa = PBXFileReference; lastKnownFileType = sourcecode.swift; path = TerraRTiOSWatchDemoApp.swift; sourceTree = "<group>"; };
		DD63A6A92A8A70C60087EBF5 /* ContentView.swift */ = {isa = PBXFileReference; lastKnownFileType = sourcecode.swift; path = ContentView.swift; sourceTree = "<group>"; };
		DD63A6AB2A8A70C80087EBF5 /* Assets.xcassets */ = {isa = PBXFileReference; lastKnownFileType = folder.assetcatalog; path = Assets.xcassets; sourceTree = "<group>"; };
		DD63A6AE2A8A70C80087EBF5 /* Preview Assets.xcassets */ = {isa = PBXFileReference; lastKnownFileType = folder.assetcatalog; path = "Preview Assets.xcassets"; sourceTree = "<group>"; };
		DD63A6B92A8A9C850087EBF5 /* TerraRTiOSWatchDemo Watch App.entitlements */ = {isa = PBXFileReference; lastKnownFileType = text.plist.entitlements; path = "TerraRTiOSWatchDemo Watch App.entitlements"; sourceTree = "<group>"; };
		DD63A6BA2A8A9C940087EBF5 /* TerraRTiOSWatchDemo-Watch-App-Info.plist */ = {isa = PBXFileReference; lastKnownFileType = text.plist; path = "TerraRTiOSWatchDemo-Watch-App-Info.plist"; sourceTree = SOURCE_ROOT; };
/* End PBXFileReference section */

/* Begin PBXFrameworksBuildPhase section */
		9B4D7E7B28804D71001EA126 /* Frameworks */ = {
			isa = PBXFrameworksBuildPhase;
			buildActionMask = 2147483647;
			files = (
				DDAA6AA62A98F6BE00BFFD37 /* TerraRTiOS in Frameworks */,
			);
			runOnlyForDeploymentPostprocessing = 0;
		};
		DD63A6A22A8A70C60087EBF5 /* Frameworks */ = {
			isa = PBXFrameworksBuildPhase;
			buildActionMask = 2147483647;
			files = (
				DDAA6AA82A98F6CC00BFFD37 /* TerraRTiOS in Frameworks */,
			);
			runOnlyForDeploymentPostprocessing = 0;
		};
/* End PBXFrameworksBuildPhase section */

/* Begin PBXGroup section */
		9B4D7E7528804D71001EA126 = {
			isa = PBXGroup;
			children = (
				DD3ECF732A323735008E2E84 /* Packages */,
				9B4D7E8028804D71001EA126 /* TerraRTiOSDemo */,
				DD63A6A62A8A70C60087EBF5 /* TerraRTiOSWatchDemo Watch App */,
				9B4D7E7F28804D71001EA126 /* Products */,
				DDB9B1A52A323774001C729A /* Frameworks */,
			);
			sourceTree = "<group>";
		};
		9B4D7E7F28804D71001EA126 /* Products */ = {
			isa = PBXGroup;
			children = (
				9B4D7E7E28804D71001EA126 /* TerraRTiOSDemo.app */,
				DD63A6A52A8A70C60087EBF5 /* TerraRTiOSWatchDemo Watch App.app */,
			);
			name = Products;
			sourceTree = "<group>";
		};
		9B4D7E8028804D71001EA126 /* TerraRTiOSDemo */ = {
			isa = PBXGroup;
			children = (
				DD1E747D2A8E7834001DD6F7 /* TerraRTiOSDemo.entitlements */,
				DD1E747C2A8E7826001DD6F7 /* Info.plist */,
				9B4D7E8128804D71001EA126 /* TerraRTiOSDemoApp.swift */,
				9B4D7E8328804D71001EA126 /* ContentView.swift */,
				9B4D7E8528804D73001EA126 /* Assets.xcassets */,
				9B4D7E8728804D73001EA126 /* Preview Content */,
				9B4D7E9228804DDC001EA126 /* Config.swift */,
			);
			path = TerraRTiOSDemo;
			sourceTree = "<group>";
		};
		9B4D7E8728804D73001EA126 /* Preview Content */ = {
			isa = PBXGroup;
			children = (
				9B4D7E8828804D73001EA126 /* Preview Assets.xcassets */,
			);
			path = "Preview Content";
			sourceTree = "<group>";
		};
		DD3ECF732A323735008E2E84 /* Packages */ = {
			isa = PBXGroup;
			children = (
				DD33EB162A4A6C82003B8743 /* TerraRTiOS-dev */,
			);
			name = Packages;
			sourceTree = "<group>";
		};
		DD63A6A62A8A70C60087EBF5 /* TerraRTiOSWatchDemo Watch App */ = {
			isa = PBXGroup;
			children = (
				DD63A6BA2A8A9C940087EBF5 /* TerraRTiOSWatchDemo-Watch-App-Info.plist */,
				DD63A6B92A8A9C850087EBF5 /* TerraRTiOSWatchDemo Watch App.entitlements */,
				DD63A6A72A8A70C60087EBF5 /* TerraRTiOSWatchDemoApp.swift */,
				DD63A6A92A8A70C60087EBF5 /* ContentView.swift */,
				DD63A6AB2A8A70C80087EBF5 /* Assets.xcassets */,
				DD63A6AD2A8A70C80087EBF5 /* Preview Content */,
			);
			path = "TerraRTiOSWatchDemo Watch App";
			sourceTree = "<group>";
		};
		DD63A6AD2A8A70C80087EBF5 /* Preview Content */ = {
			isa = PBXGroup;
			children = (
				DD63A6AE2A8A70C80087EBF5 /* Preview Assets.xcassets */,
			);
			path = "Preview Content";
			sourceTree = "<group>";
		};
		DDB9B1A52A323774001C729A /* Frameworks */ = {
			isa = PBXGroup;
			children = (
			);
			name = Frameworks;
			sourceTree = "<group>";
		};
/* End PBXGroup section */

/* Begin PBXNativeTarget section */
		9B4D7E7D28804D71001EA126 /* TerraRTiOSDemo */ = {
			isa = PBXNativeTarget;
			buildConfigurationList = 9B4D7E8C28804D73001EA126 /* Build configuration list for PBXNativeTarget "TerraRTiOSDemo" */;
			buildPhases = (
				9B4D7E7A28804D71001EA126 /* Sources */,
				9B4D7E7B28804D71001EA126 /* Frameworks */,
				9B4D7E7C28804D71001EA126 /* Resources */,
				DD63A6B32A8A70C80087EBF5 /* Embed Watch Content */,
			);
			buildRules = (
			);
			dependencies = (
				DD63A6B12A8A70C80087EBF5 /* PBXTargetDependency */,
			);
			name = TerraRTiOSDemo;
			packageProductDependencies = (
				DDAA6AA52A98F6BE00BFFD37 /* TerraRTiOS */,
			);
			productName = TerraRTiOSDemo;
			productReference = 9B4D7E7E28804D71001EA126 /* TerraRTiOSDemo.app */;
			productType = "com.apple.product-type.application";
		};
		DD63A6A42A8A70C60087EBF5 /* TerraRTiOSWatchDemo Watch App */ = {
			isa = PBXNativeTarget;
			buildConfigurationList = DD63A6B62A8A70C80087EBF5 /* Build configuration list for PBXNativeTarget "TerraRTiOSWatchDemo Watch App" */;
			buildPhases = (
				DD63A6A12A8A70C60087EBF5 /* Sources */,
				DD63A6A22A8A70C60087EBF5 /* Frameworks */,
				DD63A6A32A8A70C60087EBF5 /* Resources */,
			);
			buildRules = (
			);
			dependencies = (
			);
			name = "TerraRTiOSWatchDemo Watch App";
			packageProductDependencies = (
				DDAA6AA72A98F6CC00BFFD37 /* TerraRTiOS */,
			);
			productName = "TerraRTiOSWatchDemo Watch App";
			productReference = DD63A6A52A8A70C60087EBF5 /* TerraRTiOSWatchDemo Watch App.app */;
			productType = "com.apple.product-type.application";
		};
/* End PBXNativeTarget section */

/* Begin PBXProject section */
		9B4D7E7628804D71001EA126 /* Project object */ = {
			isa = PBXProject;
			attributes = {
				BuildIndependentTargetsInParallel = 1;
				LastSwiftUpdateCheck = 1430;
				LastUpgradeCheck = 1340;
				TargetAttributes = {
					9B4D7E7D28804D71001EA126 = {
						CreatedOnToolsVersion = 13.4.1;
					};
					DD63A6A42A8A70C60087EBF5 = {
						CreatedOnToolsVersion = 14.3.1;
					};
				};
			};
			buildConfigurationList = 9B4D7E7928804D71001EA126 /* Build configuration list for PBXProject "TerraRTiOSDemo" */;
			compatibilityVersion = "Xcode 13.0";
			developmentRegion = en;
			hasScannedForEncodings = 0;
			knownRegions = (
				en,
				Base,
			);
			mainGroup = 9B4D7E7528804D71001EA126;
			packageReferences = (
			);
			productRefGroup = 9B4D7E7F28804D71001EA126 /* Products */;
			projectDirPath = "";
			projectRoot = "";
			targets = (
				9B4D7E7D28804D71001EA126 /* TerraRTiOSDemo */,
				DD63A6A42A8A70C60087EBF5 /* TerraRTiOSWatchDemo Watch App */,
			);
		};
/* End PBXProject section */

/* Begin PBXResourcesBuildPhase section */
		9B4D7E7C28804D71001EA126 /* Resources */ = {
			isa = PBXResourcesBuildPhase;
			buildActionMask = 2147483647;
			files = (
				9B4D7E8928804D73001EA126 /* Preview Assets.xcassets in Resources */,
				9B4D7E8628804D73001EA126 /* Assets.xcassets in Resources */,
			);
			runOnlyForDeploymentPostprocessing = 0;
		};
		DD63A6A32A8A70C60087EBF5 /* Resources */ = {
			isa = PBXResourcesBuildPhase;
			buildActionMask = 2147483647;
			files = (
				DD63A6AF2A8A70C80087EBF5 /* Preview Assets.xcassets in Resources */,
				DD63A6AC2A8A70C80087EBF5 /* Assets.xcassets in Resources */,
			);
			runOnlyForDeploymentPostprocessing = 0;
		};
/* End PBXResourcesBuildPhase section */

/* Begin PBXSourcesBuildPhase section */
		9B4D7E7A28804D71001EA126 /* Sources */ = {
			isa = PBXSourcesBuildPhase;
			buildActionMask = 2147483647;
			files = (
				9B4D7E8428804D71001EA126 /* ContentView.swift in Sources */,
				9B4D7E8228804D71001EA126 /* TerraRTiOSDemoApp.swift in Sources */,
				9B4D7E9328804DDC001EA126 /* Config.swift in Sources */,
			);
			runOnlyForDeploymentPostprocessing = 0;
		};
		DD63A6A12A8A70C60087EBF5 /* Sources */ = {
			isa = PBXSourcesBuildPhase;
			buildActionMask = 2147483647;
			files = (
				DD63A6AA2A8A70C60087EBF5 /* ContentView.swift in Sources */,
				DD63A6A82A8A70C60087EBF5 /* TerraRTiOSWatchDemoApp.swift in Sources */,
			);
			runOnlyForDeploymentPostprocessing = 0;
		};
/* End PBXSourcesBuildPhase section */

/* Begin PBXTargetDependency section */
		DD63A6B12A8A70C80087EBF5 /* PBXTargetDependency */ = {
			isa = PBXTargetDependency;
			target = DD63A6A42A8A70C60087EBF5 /* TerraRTiOSWatchDemo Watch App */;
			targetProxy = DD63A6B02A8A70C80087EBF5 /* PBXContainerItemProxy */;
		};
/* End PBXTargetDependency section */

/* Begin XCBuildConfiguration section */
		9B4D7E8A28804D73001EA126 /* Debug */ = {
			isa = XCBuildConfiguration;
			buildSettings = {
				ALWAYS_SEARCH_USER_PATHS = NO;
				CLANG_ANALYZER_NONNULL = YES;
				CLANG_ANALYZER_NUMBER_OBJECT_CONVERSION = YES_AGGRESSIVE;
				CLANG_CXX_LANGUAGE_STANDARD = "gnu++17";
				CLANG_ENABLE_MODULES = YES;
				CLANG_ENABLE_OBJC_ARC = YES;
				CLANG_ENABLE_OBJC_WEAK = YES;
				CLANG_WARN_BLOCK_CAPTURE_AUTORELEASING = YES;
				CLANG_WARN_BOOL_CONVERSION = YES;
				CLANG_WARN_COMMA = YES;
				CLANG_WARN_CONSTANT_CONVERSION = YES;
				CLANG_WARN_DEPRECATED_OBJC_IMPLEMENTATIONS = YES;
				CLANG_WARN_DIRECT_OBJC_ISA_USAGE = YES_ERROR;
				CLANG_WARN_DOCUMENTATION_COMMENTS = YES;
				CLANG_WARN_EMPTY_BODY = YES;
				CLANG_WARN_ENUM_CONVERSION = YES;
				CLANG_WARN_INFINITE_RECURSION = YES;
				CLANG_WARN_INT_CONVERSION = YES;
				CLANG_WARN_NON_LITERAL_NULL_CONVERSION = YES;
				CLANG_WARN_OBJC_IMPLICIT_RETAIN_SELF = YES;
				CLANG_WARN_OBJC_LITERAL_CONVERSION = YES;
				CLANG_WARN_OBJC_ROOT_CLASS = YES_ERROR;
				CLANG_WARN_QUOTED_INCLUDE_IN_FRAMEWORK_HEADER = YES;
				CLANG_WARN_RANGE_LOOP_ANALYSIS = YES;
				CLANG_WARN_STRICT_PROTOTYPES = YES;
				CLANG_WARN_SUSPICIOUS_MOVE = YES;
				CLANG_WARN_UNGUARDED_AVAILABILITY = YES_AGGRESSIVE;
				CLANG_WARN_UNREACHABLE_CODE = YES;
				CLANG_WARN__DUPLICATE_METHOD_MATCH = YES;
				COPY_PHASE_STRIP = NO;
				DEBUG_INFORMATION_FORMAT = dwarf;
				ENABLE_STRICT_OBJC_MSGSEND = YES;
				ENABLE_TESTABILITY = YES;
				GCC_C_LANGUAGE_STANDARD = gnu11;
				GCC_DYNAMIC_NO_PIC = NO;
				GCC_NO_COMMON_BLOCKS = YES;
				GCC_OPTIMIZATION_LEVEL = 0;
				GCC_PREPROCESSOR_DEFINITIONS = (
					"DEBUG=1",
					"$(inherited)",
				);
				GCC_WARN_64_TO_32_BIT_CONVERSION = YES;
				GCC_WARN_ABOUT_RETURN_TYPE = YES_ERROR;
				GCC_WARN_UNDECLARED_SELECTOR = YES;
				GCC_WARN_UNINITIALIZED_AUTOS = YES_AGGRESSIVE;
				GCC_WARN_UNUSED_FUNCTION = YES;
				GCC_WARN_UNUSED_VARIABLE = YES;
				IPHONEOS_DEPLOYMENT_TARGET = 16.0;
				MTL_ENABLE_DEBUG_INFO = INCLUDE_SOURCE;
				MTL_FAST_MATH = YES;
				ONLY_ACTIVE_ARCH = YES;
				SDKROOT = iphoneos;
				SWIFT_ACTIVE_COMPILATION_CONDITIONS = DEBUG;
				SWIFT_OPTIMIZATION_LEVEL = "-Onone";
			};
			name = Debug;
		};
		9B4D7E8B28804D73001EA126 /* Release */ = {
			isa = XCBuildConfiguration;
			buildSettings = {
				ALWAYS_SEARCH_USER_PATHS = NO;
				CLANG_ANALYZER_NONNULL = YES;
				CLANG_ANALYZER_NUMBER_OBJECT_CONVERSION = YES_AGGRESSIVE;
				CLANG_CXX_LANGUAGE_STANDARD = "gnu++17";
				CLANG_ENABLE_MODULES = YES;
				CLANG_ENABLE_OBJC_ARC = YES;
				CLANG_ENABLE_OBJC_WEAK = YES;
				CLANG_WARN_BLOCK_CAPTURE_AUTORELEASING = YES;
				CLANG_WARN_BOOL_CONVERSION = YES;
				CLANG_WARN_COMMA = YES;
				CLANG_WARN_CONSTANT_CONVERSION = YES;
				CLANG_WARN_DEPRECATED_OBJC_IMPLEMENTATIONS = YES;
				CLANG_WARN_DIRECT_OBJC_ISA_USAGE = YES_ERROR;
				CLANG_WARN_DOCUMENTATION_COMMENTS = YES;
				CLANG_WARN_EMPTY_BODY = YES;
				CLANG_WARN_ENUM_CONVERSION = YES;
				CLANG_WARN_INFINITE_RECURSION = YES;
				CLANG_WARN_INT_CONVERSION = YES;
				CLANG_WARN_NON_LITERAL_NULL_CONVERSION = YES;
				CLANG_WARN_OBJC_IMPLICIT_RETAIN_SELF = YES;
				CLANG_WARN_OBJC_LITERAL_CONVERSION = YES;
				CLANG_WARN_OBJC_ROOT_CLASS = YES_ERROR;
				CLANG_WARN_QUOTED_INCLUDE_IN_FRAMEWORK_HEADER = YES;
				CLANG_WARN_RANGE_LOOP_ANALYSIS = YES;
				CLANG_WARN_STRICT_PROTOTYPES = YES;
				CLANG_WARN_SUSPICIOUS_MOVE = YES;
				CLANG_WARN_UNGUARDED_AVAILABILITY = YES_AGGRESSIVE;
				CLANG_WARN_UNREACHABLE_CODE = YES;
				CLANG_WARN__DUPLICATE_METHOD_MATCH = YES;
				COPY_PHASE_STRIP = NO;
				DEBUG_INFORMATION_FORMAT = "dwarf-with-dsym";
				ENABLE_NS_ASSERTIONS = NO;
				ENABLE_STRICT_OBJC_MSGSEND = YES;
				GCC_C_LANGUAGE_STANDARD = gnu11;
				GCC_NO_COMMON_BLOCKS = YES;
				GCC_WARN_64_TO_32_BIT_CONVERSION = YES;
				GCC_WARN_ABOUT_RETURN_TYPE = YES_ERROR;
				GCC_WARN_UNDECLARED_SELECTOR = YES;
				GCC_WARN_UNINITIALIZED_AUTOS = YES_AGGRESSIVE;
				GCC_WARN_UNUSED_FUNCTION = YES;
				GCC_WARN_UNUSED_VARIABLE = YES;
				IPHONEOS_DEPLOYMENT_TARGET = 16.0;
				MTL_ENABLE_DEBUG_INFO = NO;
				MTL_FAST_MATH = YES;
				SDKROOT = iphoneos;
				SWIFT_COMPILATION_MODE = wholemodule;
				SWIFT_OPTIMIZATION_LEVEL = "-O";
				VALIDATE_PRODUCT = YES;
			};
			name = Release;
		};
		9B4D7E8D28804D73001EA126 /* Debug */ = {
			isa = XCBuildConfiguration;
			buildSettings = {
				ALWAYS_EMBED_SWIFT_STANDARD_LIBRARIES = YES;
				ASSETCATALOG_COMPILER_APPICON_NAME = AppIcon;
				ASSETCATALOG_COMPILER_GLOBAL_ACCENT_COLOR_NAME = AccentColor;
				CODE_SIGN_ENTITLEMENTS = TerraRTiOSDemo/TerraRTiOSDemo.entitlements;
				CODE_SIGN_STYLE = Automatic;
				CURRENT_PROJECT_VERSION = 1;
				DEVELOPMENT_ASSET_PATHS = "\"TerraRTiOSDemo/Preview Content\"";
				DEVELOPMENT_TEAM = 8HP4B6QYR7;
				ENABLE_PREVIEWS = YES;
				GENERATE_INFOPLIST_FILE = YES;
				INFOPLIST_FILE = TerraRTiOSDemo/Info.plist;
				INFOPLIST_KEY_NSBluetoothAlwaysUsageDescription = "Provide user with ability to connect to BLE devices";
				INFOPLIST_KEY_NSHealthClinicalHealthRecordsShareUsageDescription = "Need health data to connect";
				INFOPLIST_KEY_NSHealthShareUsageDescription = "Need health data to connect";
				INFOPLIST_KEY_NSHealthUpdateUsageDescription = "Need health data to connect";
				INFOPLIST_KEY_NSMotionUsageDescription = "Provide access to Gyroscope and Accelerometer data";
				INFOPLIST_KEY_UIApplicationSceneManifest_Generation = YES;
				INFOPLIST_KEY_UIApplicationSupportsIndirectInputEvents = YES;
				INFOPLIST_KEY_UILaunchScreen_Generation = YES;
				INFOPLIST_KEY_UISupportedInterfaceOrientations_iPad = "UIInterfaceOrientationPortrait UIInterfaceOrientationPortraitUpsideDown UIInterfaceOrientationLandscapeLeft UIInterfaceOrientationLandscapeRight";
				INFOPLIST_KEY_UISupportedInterfaceOrientations_iPhone = "UIInterfaceOrientationPortrait UIInterfaceOrientationLandscapeLeft UIInterfaceOrientationLandscapeRight";
				LD_RUNPATH_SEARCH_PATHS = (
					"$(inherited)",
					"@executable_path/Frameworks",
				);
				MARKETING_VERSION = 1.0;
				PRODUCT_BUNDLE_IDENTIFIER = co.tryterra.terra.TerraRTiOSDemo;
				PRODUCT_NAME = "$(TARGET_NAME)";
				SWIFT_EMIT_LOC_STRINGS = YES;
				SWIFT_VERSION = 5.0;
				TARGETED_DEVICE_FAMILY = "1,2";
			};
			name = Debug;
		};
		9B4D7E8E28804D73001EA126 /* Release */ = {
			isa = XCBuildConfiguration;
			buildSettings = {
				ALWAYS_EMBED_SWIFT_STANDARD_LIBRARIES = YES;
				ASSETCATALOG_COMPILER_APPICON_NAME = AppIcon;
				ASSETCATALOG_COMPILER_GLOBAL_ACCENT_COLOR_NAME = AccentColor;
				CODE_SIGN_ENTITLEMENTS = TerraRTiOSDemo/TerraRTiOSDemo.entitlements;
				CODE_SIGN_STYLE = Automatic;
				CURRENT_PROJECT_VERSION = 1;
				DEVELOPMENT_ASSET_PATHS = "\"TerraRTiOSDemo/Preview Content\"";
				DEVELOPMENT_TEAM = 8HP4B6QYR7;
				ENABLE_PREVIEWS = YES;
				GENERATE_INFOPLIST_FILE = YES;
				INFOPLIST_FILE = TerraRTiOSDemo/Info.plist;
				INFOPLIST_KEY_NSBluetoothAlwaysUsageDescription = "Provide user with ability to connect to BLE devices";
				INFOPLIST_KEY_NSHealthClinicalHealthRecordsShareUsageDescription = "Need health data to connect";
				INFOPLIST_KEY_NSHealthShareUsageDescription = "Need health data to connect";
				INFOPLIST_KEY_NSHealthUpdateUsageDescription = "Need health data to connect";
				INFOPLIST_KEY_NSMotionUsageDescription = "Provide access to Gyroscope and Accelerometer data";
				INFOPLIST_KEY_UIApplicationSceneManifest_Generation = YES;
				INFOPLIST_KEY_UIApplicationSupportsIndirectInputEvents = YES;
				INFOPLIST_KEY_UILaunchScreen_Generation = YES;
				INFOPLIST_KEY_UISupportedInterfaceOrientations_iPad = "UIInterfaceOrientationPortrait UIInterfaceOrientationPortraitUpsideDown UIInterfaceOrientationLandscapeLeft UIInterfaceOrientationLandscapeRight";
				INFOPLIST_KEY_UISupportedInterfaceOrientations_iPhone = "UIInterfaceOrientationPortrait UIInterfaceOrientationLandscapeLeft UIInterfaceOrientationLandscapeRight";
				LD_RUNPATH_SEARCH_PATHS = (
					"$(inherited)",
					"@executable_path/Frameworks",
				);
				MARKETING_VERSION = 1.0;
				PRODUCT_BUNDLE_IDENTIFIER = co.tryterra.terra.TerraRTiOSDemo;
				PRODUCT_NAME = "$(TARGET_NAME)";
				SWIFT_EMIT_LOC_STRINGS = YES;
				SWIFT_VERSION = 5.0;
				TARGETED_DEVICE_FAMILY = "1,2";
			};
			name = Release;
		};
		DD63A6B42A8A70C80087EBF5 /* Debug */ = {
			isa = XCBuildConfiguration;
			buildSettings = {
				ASSETCATALOG_COMPILER_APPICON_NAME = AppIcon;
				ASSETCATALOG_COMPILER_GLOBAL_ACCENT_COLOR_NAME = AccentColor;
				CLANG_CXX_LANGUAGE_STANDARD = "gnu++20";
				CODE_SIGN_ENTITLEMENTS = "TerraRTiOSWatchDemo Watch App/TerraRTiOSWatchDemo Watch App.entitlements";
				CODE_SIGN_STYLE = Automatic;
				CURRENT_PROJECT_VERSION = 1;
				DEVELOPMENT_ASSET_PATHS = "\"TerraRTiOSWatchDemo Watch App/Preview Content\"";
				DEVELOPMENT_TEAM = 8HP4B6QYR7;
				ENABLE_PREVIEWS = YES;
				GENERATE_INFOPLIST_FILE = YES;
				INFOPLIST_FILE = "TerraRTiOSWatchDemo-Watch-App-Info.plist";
				INFOPLIST_KEY_CFBundleDisplayName = TerraRTiOSWatchDemo;
				INFOPLIST_KEY_LSApplicationCategoryType = "";
				INFOPLIST_KEY_NSHealthClinicalHealthRecordsShareUsageDescription = "Need you health data for streaming";
				INFOPLIST_KEY_NSHealthShareUsageDescription = "Need you health data for streaming";
				INFOPLIST_KEY_NSHealthUpdateUsageDescription = "Need you health data for streaming";
				INFOPLIST_KEY_NSMotionUsageDescription = "Need you health data for streaming";
				INFOPLIST_KEY_UISupportedInterfaceOrientations = "UIInterfaceOrientationPortrait UIInterfaceOrientationPortraitUpsideDown";
				INFOPLIST_KEY_WKCompanionAppBundleIdentifier = co.tryterra.terra.TerraRTiOSDemo;
				LD_RUNPATH_SEARCH_PATHS = (
					"$(inherited)",
					"@executable_path/Frameworks",
				);
				MARKETING_VERSION = 1.0;
				PRODUCT_BUNDLE_IDENTIFIER = co.tryterra.terra.TerraRTiOSDemo.watchkitapp;
				PRODUCT_NAME = "$(TARGET_NAME)";
				SDKROOT = watchos;
				SKIP_INSTALL = YES;
				SWIFT_EMIT_LOC_STRINGS = YES;
				SWIFT_VERSION = 5.0;
				TARGETED_DEVICE_FAMILY = 4;
				WATCHOS_DEPLOYMENT_TARGET = 9.3;
			};
			name = Debug;
		};
		DD63A6B52A8A70C80087EBF5 /* Release */ = {
			isa = XCBuildConfiguration;
			buildSettings = {
				ASSETCATALOG_COMPILER_APPICON_NAME = AppIcon;
				ASSETCATALOG_COMPILER_GLOBAL_ACCENT_COLOR_NAME = AccentColor;
				CLANG_CXX_LANGUAGE_STANDARD = "gnu++20";
				CODE_SIGN_ENTITLEMENTS = "TerraRTiOSWatchDemo Watch App/TerraRTiOSWatchDemo Watch App.entitlements";
				CODE_SIGN_STYLE = Automatic;
				CURRENT_PROJECT_VERSION = 1;
				DEVELOPMENT_ASSET_PATHS = "\"TerraRTiOSWatchDemo Watch App/Preview Content\"";
				DEVELOPMENT_TEAM = 8HP4B6QYR7;
				ENABLE_PREVIEWS = YES;
				GENERATE_INFOPLIST_FILE = YES;
				INFOPLIST_FILE = "TerraRTiOSWatchDemo-Watch-App-Info.plist";
				INFOPLIST_KEY_CFBundleDisplayName = TerraRTiOSWatchDemo;
				INFOPLIST_KEY_LSApplicationCategoryType = "";
				INFOPLIST_KEY_NSHealthClinicalHealthRecordsShareUsageDescription = "Need you health data for streaming";
				INFOPLIST_KEY_NSHealthShareUsageDescription = "Need you health data for streaming";
				INFOPLIST_KEY_NSHealthUpdateUsageDescription = "Need you health data for streaming";
				INFOPLIST_KEY_NSMotionUsageDescription = "Need you health data for streaming";
				INFOPLIST_KEY_UISupportedInterfaceOrientations = "UIInterfaceOrientationPortrait UIInterfaceOrientationPortraitUpsideDown";
				INFOPLIST_KEY_WKCompanionAppBundleIdentifier = co.tryterra.terra.TerraRTiOSDemo;
				LD_RUNPATH_SEARCH_PATHS = (
					"$(inherited)",
					"@executable_path/Frameworks",
				);
				MARKETING_VERSION = 1.0;
				PRODUCT_BUNDLE_IDENTIFIER = co.tryterra.terra.TerraRTiOSDemo.watchkitapp;
				PRODUCT_NAME = "$(TARGET_NAME)";
				SDKROOT = watchos;
				SKIP_INSTALL = YES;
				SWIFT_EMIT_LOC_STRINGS = YES;
				SWIFT_VERSION = 5.0;
				TARGETED_DEVICE_FAMILY = 4;
				WATCHOS_DEPLOYMENT_TARGET = 9.3;
			};
			name = Release;
		};
/* End XCBuildConfiguration section */

/* Begin XCConfigurationList section */
		9B4D7E7928804D71001EA126 /* Build configuration list for PBXProject "TerraRTiOSDemo" */ = {
			isa = XCConfigurationList;
			buildConfigurations = (
				9B4D7E8A28804D73001EA126 /* Debug */,
				9B4D7E8B28804D73001EA126 /* Release */,
			);
			defaultConfigurationIsVisible = 0;
			defaultConfigurationName = Release;
		};
		9B4D7E8C28804D73001EA126 /* Build configuration list for PBXNativeTarget "TerraRTiOSDemo" */ = {
			isa = XCConfigurationList;
			buildConfigurations = (
				9B4D7E8D28804D73001EA126 /* Debug */,
				9B4D7E8E28804D73001EA126 /* Release */,
			);
			defaultConfigurationIsVisible = 0;
			defaultConfigurationName = Release;
		};
		DD63A6B62A8A70C80087EBF5 /* Build configuration list for PBXNativeTarget "TerraRTiOSWatchDemo Watch App" */ = {
			isa = XCConfigurationList;
			buildConfigurations = (
				DD63A6B42A8A70C80087EBF5 /* Debug */,
				DD63A6B52A8A70C80087EBF5 /* Release */,
			);
			defaultConfigurationIsVisible = 0;
			defaultConfigurationName = Release;
		};
/* End XCConfigurationList section */

/* Begin XCSwiftPackageProductDependency section */
		DDAA6AA52A98F6BE00BFFD37 /* TerraRTiOS */ = {
			isa = XCSwiftPackageProductDependency;
			productName = TerraRTiOS;
		};
		DDAA6AA72A98F6CC00BFFD37 /* TerraRTiOS */ = {
			isa = XCSwiftPackageProductDependency;
			productName = TerraRTiOS;
		};
/* End XCSwiftPackageProductDependency section */
	};
	rootObject = 9B4D7E7628804D71001EA126 /* Project object */;
}
